
Microsoft Visual Studio Solution File, Format Version 12.00
# Visual Studio Version 16
VisualStudioVersion = 16.0.30907.101
MinimumVisualStudioVersion = 10.0.40219.1
Project("{FAE04EC0-301F-11D3-BF4B-00C04F79EFBC}") = "WebAPI", "WebApplication1\WebAPI.csproj", "{A3628678-7CB8-4A6E-999F-7EFCC6AE270A}"
EndProject
Global
	GlobalSection(SolutionConfigurationPlatforms) = preSolution
		Debug|Any CPU = Debug|Any CPU
		Release|Any CPU = Release|Any CPU
	EndGlobalSection
	GlobalSection(ProjectConfigurationPlatforms) = postSolution
		{A3628678-7CB8-4A6E-999F-7EFCC6AE270A}.Debug|Any CPU.ActiveCfg = Debug|Any CPU
		{A3628678-7CB8-4A6E-999F-7EFCC6AE270A}.Debug|Any CPU.Build.0 = Debug|Any CPU
		{A3628678-7CB8-4A6E-999F-7EFCC6AE270A}.Release|Any CPU.ActiveCfg = Release|Any CPU
		{A3628678-7CB8-4A6E-999F-7EFCC6AE270A}.Release|Any CPU.Build.0 = Release|Any CPU
	EndGlobalSection
	GlobalSection(SolutionProperties) = preSolution
		HideSolutionNode = FALSE
	EndGlobalSection
	GlobalSection(ExtensibilityGlobals) = postSolution
		SolutionGuid = {E0B131C4-8182-4D40-A496-0F6C099AF9D5}
	EndGlobalSection
EndGlobal
